
Microsoft Visual Studio Solution File, Format Version 12.00
# Visual Studio 15
VisualStudioVersion = 15.0.28010.2026
MinimumVisualStudioVersion = 10.0.40219.1
Project("{FAE04EC0-301F-11D3-BF4B-00C04F79EFBC}") = "VSUP", "VSUP\VSUP.csproj", "{143FFC26-0806-49C5-A4DE-FCEACDB63077}"
EndProject
Global
	GlobalSection(SolutionConfigurationPlatforms) = preSolution
		Debug|Any CPU = Debug|Any CPU
		Release|Any CPU = Release|Any CPU
	EndGlobalSection
	GlobalSection(ProjectConfigurationPlatforms) = postSolution
		{143FFC26-0806-49C5-A4DE-FCEACDB63077}.Debug|Any CPU.ActiveCfg = Debug|Any CPU
		{143FFC26-0806-49C5-A4DE-FCEACDB63077}.Debug|Any CPU.Build.0 = Debug|Any CPU
		{143FFC26-0806-49C5-A4DE-FCEACDB63077}.Release|Any CPU.ActiveCfg = Release|Any CPU
		{143FFC26-0806-49C5-A4DE-FCEACDB63077}.Release|Any CPU.Build.0 = Release|Any CPU
	EndGlobalSection
	GlobalSection(SolutionProperties) = preSolution
		HideSolutionNode = FALSE
	EndGlobalSection
	GlobalSection(ExtensibilityGlobals) = postSolution
		SolutionGuid = {AADDF1CF-127C-4EF6-B631-11C2796338B2}
	EndGlobalSection
EndGlobal
